
Microsoft Visual Studio Solution File, Format Version 12.00
# Visual Studio 15
VisualStudioVersion = 15.0.28307.572
MinimumVisualStudioVersion = 10.0.40219.1
Project("{FAE04EC0-301F-11D3-BF4B-00C04F79EFBC}") = "SfMaps_DifferentView.Android", "SfMaps_DifferentView\SfMaps_DifferentView.Android\SfMaps_DifferentView.Android.csproj", "{65AA1D66-CADD-4D81-8331-232DC0B91344}"
EndProject
Project("{FAE04EC0-301F-11D3-BF4B-00C04F79EFBC}") = "SfMaps_DifferentView.iOS", "SfMaps_DifferentView\SfMaps_DifferentView.iOS\SfMaps_DifferentView.iOS.csproj", "{8BE3D377-9C5C-4B17-B1E4-348020593889}"
EndProject
Project("{FAE04EC0-301F-11D3-BF4B-00C04F79EFBC}") = "SfMaps_DifferentView.UWP", "SfMaps_DifferentView\SfMaps_DifferentView.UWP\SfMaps_DifferentView.UWP.csproj", "{8EFF762A-0AA2-494C-8C70-127E01817954}"
EndProject
Project("{FAE04EC0-301F-11D3-BF4B-00C04F79EFBC}") = "SfMaps_DifferentView", "SfMaps_DifferentView\SfMaps_DifferentView\SfMaps_DifferentView.csproj", "{53C15F0F-CCD3-4C91-936B-2B05B340F217}"
EndProject
Global
	GlobalSection(SolutionConfigurationPlatforms) = preSolution
		Ad-Hoc|Any CPU = Ad-Hoc|Any CPU
		Ad-Hoc|ARM = Ad-Hoc|ARM
		Ad-Hoc|iPhone = Ad-Hoc|iPhone
		Ad-Hoc|iPhoneSimulator = Ad-Hoc|iPhoneSimulator
		Ad-Hoc|x64 = Ad-Hoc|x64
		Ad-Hoc|x86 = Ad-Hoc|x86
		AppStore|Any CPU = AppStore|Any CPU
		AppStore|ARM = AppStore|ARM
		AppStore|iPhone = AppStore|iPhone
		AppStore|iPhoneSimulator = AppStore|iPhoneSimulator
		AppStore|x64 = AppStore|x64
		AppStore|x86 = AppStore|x86
		Debug|Any CPU = Debug|Any CPU
		Debug|ARM = Debug|ARM
		Debug|iPhone = Debug|iPhone
		Debug|iPhoneSimulator = Debug|iPhoneSimulator
		Debug|x64 = Debug|x64
		Debug|x86 = Debug|x86
		Release|Any CPU = Release|Any CPU
		Release|ARM = Release|ARM
		Release|iPhone = Release|iPhone
		Release|iPhoneSimulator = Release|iPhoneSimulator
		Release|x64 = Release|x64
		Release|x86 = Release|x86
	EndGlobalSection
	GlobalSection(ProjectConfigurationPlatforms) = postSolution
		{65AA1D66-CADD-4D81-8331-232DC0B91344}.Ad-Hoc|Any CPU.ActiveCfg = Release|Any CPU
		{65AA1D66-CADD-4D81-8331-232DC0B91344}.Ad-Hoc|Any CPU.Build.0 = Release|Any CPU
		{65AA1D66-CADD-4D81-8331-232DC0B91344}.Ad-Hoc|Any CPU.Deploy.0 = Release|Any CPU
		{65AA1D66-CADD-4D81-8331-232DC0B91344}.Ad-Hoc|ARM.ActiveCfg = Release|Any CPU
		{65AA1D66-CADD-4D81-8331-232DC0B91344}.Ad-Hoc|ARM.Build.0 = Release|Any CPU
		{65AA1D66-CADD-4D81-8331-232DC0B91344}.Ad-Hoc|ARM.Deploy.0 = Release|Any CPU
		{65AA1D66-CADD-4D81-8331-232DC0B91344}.Ad-Hoc|iPhone.ActiveCfg = Release|Any CPU
		{65AA1D66-CADD-4D81-8331-232DC0B91344}.Ad-Hoc|iPhone.Build.0 = Release|Any CPU
		{65AA1D66-CADD-4D81-8331-232DC0B91344}.Ad-Hoc|iPhone.Deploy.0 = Release|Any CPU
		{65AA1D66-CADD-4D81-8331-232DC0B91344}.Ad-Hoc|iPhoneSimulator.ActiveCfg = Release|Any CPU
		{65AA1D66-CADD-4D81-8331-232DC0B91344}.Ad-Hoc|iPhoneSimulator.Build.0 = Release|Any CPU
		{65AA1D66-CADD-4D81-8331-232DC0B91344}.Ad-Hoc|iPhoneSimulator.Deploy.0 = Release|Any CPU
		{65AA1D66-CADD-4D81-8331-232DC0B91344}.Ad-Hoc|x64.ActiveCfg = Release|Any CPU
		{65AA1D66-CADD-4D81-8331-232DC0B91344}.Ad-Hoc|x64.Build.0 = Release|Any CPU
		{65AA1D66-CADD-4D81-8331-232DC0B91344}.Ad-Hoc|x64.Deploy.0 = Release|Any CPU
		{65AA1D66-CADD-4D81-8331-232DC0B91344}.Ad-Hoc|x86.ActiveCfg = Release|Any CPU
		{65AA1D66-CADD-4D81-8331-232DC0B91344}.Ad-Hoc|x86.Build.0 = Release|Any CPU
		{65AA1D66-CADD-4D81-8331-232DC0B91344}.Ad-Hoc|x86.Deploy.0 = Release|Any CPU
		{65AA1D66-CADD-4D81-8331-232DC0B91344}.AppStore|Any CPU.ActiveCfg = Release|Any CPU
		{65AA1D66-CADD-4D81-8331-232DC0B91344}.AppStore|Any CPU.Build.0 = Release|Any CPU
		{65AA1D66-CADD-4D81-8331-232DC0B91344}.AppStore|Any CPU.Deploy.0 = Release|Any CPU
		{65AA1D66-CADD-4D81-8331-232DC0B91344}.AppStore|ARM.ActiveCfg = Release|Any CPU
		{65AA1D66-CADD-4D81-8331-232DC0B91344}.AppStore|ARM.Build.0 = Release|Any CPU
		{65AA1D66-CADD-4D81-8331-232DC0B91344}.AppStore|ARM.Deploy.0 = Release|Any CPU
		{65AA1D66-CADD-4D81-8331-232DC0B91344}.AppStore|iPhone.ActiveCfg = Release|Any CPU
		{65AA1D66-CADD-4D81-8331-232DC0B91344}.AppStore|iPhone.Build.0 = Release|Any CPU
		{65AA1D66-CADD-4D81-8331-232DC0B91344}.AppStore|iPhone.Deploy.0 = Release|Any CPU
		{65AA1D66-CADD-4D81-8331-232DC0B91344}.AppStore|iPhoneSimulator.ActiveCfg = Release|Any CPU
		{65AA1D66-CADD-4D81-8331-232DC0B91344}.AppStore|iPhoneSimulator.Build.0 = Release|Any CPU
		{65AA1D66-CADD-4D81-8331-232DC0B91344}.AppStore|iPhoneSimulator.Deploy.0 = Release|Any CPU
		{65AA1D66-CADD-4D81-8331-232DC0B91344}.AppStore|x64.ActiveCfg = Release|Any CPU
		{65AA1D66-CADD-4D81-8331-232DC0B91344}.AppStore|x64.Build.0 = Release|Any CPU
		{65AA1D66-CADD-4D81-8331-232DC0B91344}.AppStore|x64.Deploy.0 = Release|Any CPU
		{65AA1D66-CADD-4D81-8331-232DC0B91344}.AppStore|x86.ActiveCfg = Release|Any CPU
		{65AA1D66-CADD-4D81-8331-232DC0B91344}.AppStore|x86.Build.0 = Release|Any CPU
		{65AA1D66-CADD-4D81-8331-232DC0B91344}.AppStore|x86.Deploy.0 = Release|Any CPU
		{65AA1D66-CADD-4D81-8331-232DC0B91344}.Debug|Any CPU.ActiveCfg = Debug|Any CPU
		{65AA1D66-CADD-4D81-8331-232DC0B91344}.Debug|Any CPU.Build.0 = Debug|Any CPU
		{65AA1D66-CADD-4D81-8331-232DC0B91344}.Debug|Any CPU.Deploy.0 = Debug|Any CPU
		{65AA1D66-CADD-4D81-8331-232DC0B91344}.Debug|ARM.ActiveCfg = Debug|Any CPU
		{65AA1D66-CADD-4D81-8331-232DC0B91344}.Debug|ARM.Build.0 = Debug|Any CPU
		{65AA1D66-CADD-4D81-8331-232DC0B91344}.Debug|ARM.Deploy.0 = Debug|Any CPU
		{65AA1D66-CADD-4D81-8331-232DC0B91344}.Debug|iPhone.ActiveCfg = Debug|Any CPU
		{65AA1D66-CADD-4D81-8331-232DC0B91344}.Debug|iPhone.Build.0 = Debug|Any CPU
		{65AA1D66-CADD-4D81-8331-232DC0B91344}.Debug|iPhone.Deploy.0 = Debug|Any CPU
		{65AA1D66-CADD-4D81-8331-232DC0B91344}.Debug|iPhoneSimulator.ActiveCfg = Debug|Any CPU
		{65AA1D66-CADD-4D81-8331-232DC0B91344}.Debug|iPhoneSimulator.Build.0 = Debug|Any CPU
		{65AA1D66-CADD-4D81-8331-232DC0B91344}.Debug|iPhoneSimulator.Deploy.0 = Debug|Any CPU
		{65AA1D66-CADD-4D81-8331-232DC0B91344}.Debug|x64.ActiveCfg = Debug|Any CPU
		{65AA1D66-CADD-4D81-8331-232DC0B91344}.Debug|x64.Build.0 = Debug|Any CPU
		{65AA1D66-CADD-4D81-8331-232DC0B91344}.Debug|x64.Deploy.0 = Debug|Any CPU
		{65AA1D66-CADD-4D81-8331-232DC0B91344}.Debug|x86.ActiveCfg = Debug|Any CPU
		{65AA1D66-CADD-4D81-8331-232DC0B91344}.Debug|x86.Build.0 = Debug|Any CPU
		{65AA1D66-CADD-4D81-8331-232DC0B91344}.Debug|x86.Deploy.0 = Debug|Any CPU
		{65AA1D66-CADD-4D81-8331-232DC0B91344}.Release|Any CPU.ActiveCfg = Release|Any CPU
		{65AA1D66-CADD-4D81-8331-232DC0B91344}.Release|Any CPU.Build.0 = Release|Any CPU
		{65AA1D66-CADD-4D81-8331-232DC0B91344}.Release|Any CPU.Deploy.0 = Release|Any CPU
		{65AA1D66-CADD-4D81-8331-232DC0B91344}.Release|ARM.ActiveCfg = Release|Any CPU
		{65AA1D66-CADD-4D81-8331-232DC0B91344}.Release|ARM.Build.0 = Release|Any CPU
		{65AA1D66-CADD-4D81-8331-232DC0B91344}.Release|ARM.Deploy.0 = Release|Any CPU
		{65AA1D66-CADD-4D81-8331-232DC0B91344}.Release|iPhone.ActiveCfg = Release|Any CPU
		{65AA1D66-CADD-4D81-8331-232DC0B91344}.Release|iPhone.Build.0 = Release|Any CPU
		{65AA1D66-CADD-4D81-8331-232DC0B91344}.Release|iPhone.Deploy.0 = Release|Any CPU
		{65AA1D66-CADD-4D81-8331-232DC0B91344}.Release|iPhoneSimulator.ActiveCfg = Release|Any CPU
		{65AA1D66-CADD-4D81-8331-232DC0B91344}.Release|iPhoneSimulator.Build.0 = Release|Any CPU
		{65AA1D66-CADD-4D81-8331-232DC0B91344}.Release|iPhoneSimulator.Deploy.0 = Release|Any CPU
		{65AA1D66-CADD-4D81-8331-232DC0B91344}.Release|x64.ActiveCfg = Release|Any CPU
		{65AA1D66-CADD-4D81-8331-232DC0B91344}.Release|x64.Build.0 = Release|Any CPU
		{65AA1D66-CADD-4D81-8331-232DC0B91344}.Release|x64.Deploy.0 = Release|Any CPU
		{65AA1D66-CADD-4D81-8331-232DC0B91344}.Release|x86.ActiveCfg = Release|Any CPU
		{65AA1D66-CADD-4D81-8331-232DC0B91344}.Release|x86.Build.0 = Release|Any CPU
		{65AA1D66-CADD-4D81-8331-232DC0B91344}.Release|x86.Deploy.0 = Release|Any CPU
		{8BE3D377-9C5C-4B17-B1E4-348020593889}.Ad-Hoc|Any CPU.ActiveCfg = Ad-Hoc|iPhone
		{8BE3D377-9C5C-4B17-B1E4-348020593889}.Ad-Hoc|Any CPU.Build.0 = Ad-Hoc|iPhone
		{8BE3D377-9C5C-4B17-B1E4-348020593889}.Ad-Hoc|Any CPU.Deploy.0 = Ad-Hoc|iPhone
		{8BE3D377-9C5C-4B17-B1E4-348020593889}.Ad-Hoc|ARM.ActiveCfg = Ad-Hoc|iPhone
		{8BE3D377-9C5C-4B17-B1E4-348020593889}.Ad-Hoc|ARM.Build.0 = Ad-Hoc|iPhone
		{8BE3D377-9C5C-4B17-B1E4-348020593889}.Ad-Hoc|ARM.Deploy.0 = Ad-Hoc|iPhone
		{8BE3D377-9C5C-4B17-B1E4-348020593889}.Ad-Hoc|iPhone.ActiveCfg = Ad-Hoc|iPhone
		{8BE3D377-9C5C-4B17-B1E4-348020593889}.Ad-Hoc|iPhone.Build.0 = Ad-Hoc|iPhone
		{8BE3D377-9C5C-4B17-B1E4-348020593889}.Ad-Hoc|iPhone.Deploy.0 = Ad-Hoc|iPhone
		{8BE3D377-9C5C-4B17-B1E4-348020593889}.Ad-Hoc|iPhoneSimulator.ActiveCfg = Ad-Hoc|iPhoneSimulator
		{8BE3D377-9C5C-4B17-B1E4-348020593889}.Ad-Hoc|iPhoneSimulator.Build.0 = Ad-Hoc|iPhoneSimulator
		{8BE3D377-9C5C-4B17-B1E4-348020593889}.Ad-Hoc|iPhoneSimulator.Deploy.0 = Ad-Hoc|iPhoneSimulator
		{8BE3D377-9C5C-4B17-B1E4-348020593889}.Ad-Hoc|x64.ActiveCfg = Ad-Hoc|iPhone
		{8BE3D377-9C5C-4B17-B1E4-348020593889}.Ad-Hoc|x64.Build.0 = Ad-Hoc|iPhone
		{8BE3D377-9C5C-4B17-B1E4-348020593889}.Ad-Hoc|x64.Deploy.0 = Ad-Hoc|iPhone
		{8BE3D377-9C5C-4B17-B1E4-348020593889}.Ad-Hoc|x86.ActiveCfg = Ad-Hoc|iPhone
		{8BE3D377-9C5C-4B17-B1E4-348020593889}.Ad-Hoc|x86.Build.0 = Ad-Hoc|iPhone
		{8BE3D377-9C5C-4B17-B1E4-348020593889}.Ad-Hoc|x86.Deploy.0 = Ad-Hoc|iPhone
		{8BE3D377-9C5C-4B17-B1E4-348020593889}.AppStore|Any CPU.ActiveCfg = AppStore|iPhone
		{8BE3D377-9C5C-4B17-B1E4-348020593889}.AppStore|Any CPU.Build.0 = AppStore|iPhone
		{8BE3D377-9C5C-4B17-B1E4-348020593889}.AppStore|Any CPU.Deploy.0 = AppStore|iPhone
		{8BE3D377-9C5C-4B17-B1E4-348020593889}.AppStore|ARM.ActiveCfg = AppStore|iPhone
		{8BE3D377-9C5C-4B17-B1E4-348020593889}.AppStore|ARM.Build.0 = AppStore|iPhone
		{8BE3D377-9C5C-4B17-B1E4-348020593889}.AppStore|ARM.Deploy.0 = AppStore|iPhone
		{8BE3D377-9C5C-4B17-B1E4-348020593889}.AppStore|iPhone.ActiveCfg = AppStore|iPhone
		{8BE3D377-9C5C-4B17-B1E4-348020593889}.AppStore|iPhone.Build.0 = AppStore|iPhone
		{8BE3D377-9C5C-4B17-B1E4-348020593889}.AppStore|iPhone.Deploy.0 = AppStore|iPhone
		{8BE3D377-9C5C-4B17-B1E4-348020593889}.AppStore|iPhoneSimulator.ActiveCfg = AppStore|iPhoneSimulator
		{8BE3D377-9C5C-4B17-B1E4-348020593889}.AppStore|iPhoneSimulator.Build.0 = AppStore|iPhoneSimulator
		{8BE3D377-9C5C-4B17-B1E4-348020593889}.AppStore|iPhoneSimulator.Deploy.0 = AppStore|iPhoneSimulator
		{8BE3D377-9C5C-4B17-B1E4-348020593889}.AppStore|x64.ActiveCfg = AppStore|iPhone
		{8BE3D377-9C5C-4B17-B1E4-348020593889}.AppStore|x64.Build.0 = AppStore|iPhone
		{8BE3D377-9C5C-4B17-B1E4-348020593889}.AppStore|x64.Deploy.0 = AppStore|iPhone
		{8BE3D377-9C5C-4B17-B1E4-348020593889}.AppStore|x86.ActiveCfg = AppStore|iPhone
		{8BE3D377-9C5C-4B17-B1E4-348020593889}.AppStore|x86.Build.0 = AppStore|iPhone
		{8BE3D377-9C5C-4B17-B1E4-348020593889}.AppStore|x86.Deploy.0 = AppStore|iPhone
		{8BE3D377-9C5C-4B17-B1E4-348020593889}.Debug|Any CPU.ActiveCfg = Debug|iPhoneSimulator
		{8BE3D377-9C5C-4B17-B1E4-348020593889}.Debug|Any CPU.Build.0 = Debug|iPhoneSimulator
		{8BE3D377-9C5C-4B17-B1E4-348020593889}.Debug|Any CPU.Deploy.0 = Debug|iPhoneSimulator
		{8BE3D377-9C5C-4B17-B1E4-348020593889}.Debug|ARM.ActiveCfg = Debug|iPhone
		{8BE3D377-9C5C-4B17-B1E4-348020593889}.Debug|ARM.Build.0 = Debug|iPhone
		{8BE3D377-9C5C-4B17-B1E4-348020593889}.Debug|ARM.Deploy.0 = Debug|iPhone
		{8BE3D377-9C5C-4B17-B1E4-348020593889}.Debug|iPhone.ActiveCfg = Debug|iPhone
		{8BE3D377-9C5C-4B17-B1E4-348020593889}.Debug|iPhone.Build.0 = Debug|iPhone
		{8BE3D377-9C5C-4B17-B1E4-348020593889}.Debug|iPhone.Deploy.0 = Debug|iPhone
		{8BE3D377-9C5C-4B17-B1E4-348020593889}.Debug|iPhoneSimulator.ActiveCfg = Debug|iPhoneSimulator
		{8BE3D377-9C5C-4B17-B1E4-348020593889}.Debug|iPhoneSimulator.Build.0 = Debug|iPhoneSimulator
		{8BE3D377-9C5C-4B17-B1E4-348020593889}.Debug|iPhoneSimulator.Deploy.0 = Debug|iPhoneSimulator
		{8BE3D377-9C5C-4B17-B1E4-348020593889}.Debug|x64.ActiveCfg = Debug|iPhone
		{8BE3D377-9C5C-4B17-B1E4-348020593889}.Debug|x64.Build.0 = Debug|iPhone
		{8BE3D377-9C5C-4B17-B1E4-348020593889}.Debug|x64.Deploy.0 = Debug|iPhone
		{8BE3D377-9C5C-4B17-B1E4-348020593889}.Debug|x86.ActiveCfg = Debug|iPhone
		{8BE3D377-9C5C-4B17-B1E4-348020593889}.Debug|x86.Build.0 = Debug|iPhone
		{8BE3D377-9C5C-4B17-B1E4-348020593889}.Debug|x86.Deploy.0 = Debug|iPhone
		{8BE3D377-9C5C-4B17-B1E4-348020593889}.Release|Any CPU.ActiveCfg = Release|iPhone
		{8BE3D377-9C5C-4B17-B1E4-348020593889}.Release|Any CPU.Build.0 = Release|iPhone
		{8BE3D377-9C5C-4B17-B1E4-348020593889}.Release|Any CPU.Deploy.0 = Release|iPhone
		{8BE3D377-9C5C-4B17-B1E4-348020593889}.Release|ARM.ActiveCfg = Release|iPhone
		{8BE3D377-9C5C-4B17-B1E4-348020593889}.Release|ARM.Build.0 = Release|iPhone
		{8BE3D377-9C5C-4B17-B1E4-348020593889}.Release|ARM.Deploy.0 = Release|iPhone
		{8BE3D377-9C5C-4B17-B1E4-348020593889}.Release|iPhone.ActiveCfg = Release|iPhone
		{8BE3D377-9C5C-4B17-B1E4-348020593889}.Release|iPhone.Build.0 = Release|iPhone
		{8BE3D377-9C5C-4B17-B1E4-348020593889}.Release|iPhone.Deploy.0 = Release|iPhone
		{8BE3D377-9C5C-4B17-B1E4-348020593889}.Release|iPhoneSimulator.ActiveCfg = Release|iPhoneSimulator
		{8BE3D377-9C5C-4B17-B1E4-348020593889}.Release|iPhoneSimulator.Build.0 = Release|iPhoneSimulator
		{8BE3D377-9C5C-4B17-B1E4-348020593889}.Release|iPhoneSimulator.Deploy.0 = Release|iPhoneSimulator
		{8BE3D377-9C5C-4B17-B1E4-348020593889}.Release|x64.ActiveCfg = Release|iPhone
		{8BE3D377-9C5C-4B17-B1E4-348020593889}.Release|x64.Build.0 = Release|iPhone
		{8BE3D377-9C5C-4B17-B1E4-348020593889}.Release|x64.Deploy.0 = Release|iPhone
		{8BE3D377-9C5C-4B17-B1E4-348020593889}.Release|x86.ActiveCfg = Release|iPhone
		{8BE3D377-9C5C-4B17-B1E4-348020593889}.Release|x86.Build.0 = Release|iPhone
		{8BE3D377-9C5C-4B17-B1E4-348020593889}.Release|x86.Deploy.0 = Release|iPhone
		{8EFF762A-0AA2-494C-8C70-127E01817954}.Ad-Hoc|Any CPU.ActiveCfg = Release|x86
		{8EFF762A-0AA2-494C-8C70-127E01817954}.Ad-Hoc|Any CPU.Build.0 = Release|x86
		{8EFF762A-0AA2-494C-8C70-127E01817954}.Ad-Hoc|Any CPU.Deploy.0 = Release|x86
		{8EFF762A-0AA2-494C-8C70-127E01817954}.Ad-Hoc|ARM.ActiveCfg = Release|ARM
		{8EFF762A-0AA2-494C-8C70-127E01817954}.Ad-Hoc|ARM.Build.0 = Release|ARM
		{8EFF762A-0AA2-494C-8C70-127E01817954}.Ad-Hoc|ARM.Deploy.0 = Release|ARM
		{8EFF762A-0AA2-494C-8C70-127E01817954}.Ad-Hoc|iPhone.ActiveCfg = Release|x86
		{8EFF762A-0AA2-494C-8C70-127E01817954}.Ad-Hoc|iPhone.Build.0 = Release|x86
		{8EFF762A-0AA2-494C-8C70-127E01817954}.Ad-Hoc|iPhone.Deploy.0 = Release|x86
		{8EFF762A-0AA2-494C-8C70-127E01817954}.Ad-Hoc|iPhoneSimulator.ActiveCfg = Release|x86
		{8EFF762A-0AA2-494C-8C70-127E01817954}.Ad-Hoc|iPhoneSimulator.Build.0 = Release|x86
		{8EFF762A-0AA2-494C-8C70-127E01817954}.Ad-Hoc|iPhoneSimulator.Deploy.0 = Release|x86
		{8EFF762A-0AA2-494C-8C70-127E01817954}.Ad-Hoc|x64.ActiveCfg = Release|x64
		{8EFF762A-0AA2-494C-8C70-127E01817954}.Ad-Hoc|x64.Build.0 = Release|x64
		{8EFF762A-0AA2-494C-8C70-127E01817954}.Ad-Hoc|x64.Deploy.0 = Release|x64
		{8EFF762A-0AA2-494C-8C70-127E01817954}.Ad-Hoc|x86.ActiveCfg = Release|x86
		{8EFF762A-0AA2-494C-8C70-127E01817954}.Ad-Hoc|x86.Build.0 = Release|x86
		{8EFF762A-0AA2-494C-8C70-127E01817954}.Ad-Hoc|x86.Deploy.0 = Release|x86
		{8EFF762A-0AA2-494C-8C70-127E01817954}.AppStore|Any CPU.ActiveCfg = Release|x86
		{8EFF762A-0AA2-494C-8C70-127E01817954}.AppStore|Any CPU.Build.0 = Release|x86
		{8EFF762A-0AA2-494C-8C70-127E01817954}.AppStore|Any CPU.Deploy.0 = Release|x86
		{8EFF762A-0AA2-494C-8C70-127E01817954}.AppStore|ARM.ActiveCfg = Release|ARM
		{8EFF762A-0AA2-494C-8C70-127E01817954}.AppStore|ARM.Build.0 = Release|ARM
		{8EFF762A-0AA2-494C-8C70-127E01817954}.AppStore|ARM.Deploy.0 = Release|ARM
		{8EFF762A-0AA2-494C-8C70-127E01817954}.AppStore|iPhone.ActiveCfg = Release|x86
		{8EFF762A-0AA2-494C-8C70-127E01817954}.AppStore|iPhone.Build.0 = Release|x86
		{8EFF762A-0AA2-494C-8C70-127E01817954}.AppStore|iPhone.Deploy.0 = Release|x86
		{8EFF762A-0AA2-494C-8C70-127E01817954}.AppStore|iPhoneSimulator.ActiveCfg = Release|x86
		{8EFF762A-0AA2-494C-8C70-127E01817954}.AppStore|iPhoneSimulator.Build.0 = Release|x86
		{8EFF762A-0AA2-494C-8C70-127E01817954}.AppStore|iPhoneSimulator.Deploy.0 = Release|x86
		{8EFF762A-0AA2-494C-8C70-127E01817954}.AppStore|x64.ActiveCfg = Release|x64
		{8EFF762A-0AA2-494C-8C70-127E01817954}.AppStore|x64.Build.0 = Release|x64
		{8EFF762A-0AA2-494C-8C70-127E01817954}.AppStore|x64.Deploy.0 = Release|x64
		{8EFF762A-0AA2-494C-8C70-127E01817954}.AppStore|x86.ActiveCfg = Release|x86
		{8EFF762A-0AA2-494C-8C70-127E01817954}.AppStore|x86.Build.0 = Release|x86
		{8EFF762A-0AA2-494C-8C70-127E01817954}.AppStore|x86.Deploy.0 = Release|x86
		{8EFF762A-0AA2-494C-8C70-127E01817954}.Debug|Any CPU.ActiveCfg = Debug|x86
		{8EFF762A-0AA2-494C-8C70-127E01817954}.Debug|Any CPU.Build.0 = Debug|x86
		{8EFF762A-0AA2-494C-8C70-127E01817954}.Debug|Any CPU.Deploy.0 = Debug|x86
		{8EFF762A-0AA2-494C-8C70-127E01817954}.Debug|ARM.ActiveCfg = Debug|ARM
		{8EFF762A-0AA2-494C-8C70-127E01817954}.Debug|ARM.Build.0 = Debug|ARM
		{8EFF762A-0AA2-494C-8C70-127E01817954}.Debug|ARM.Deploy.0 = Debug|ARM
		{8EFF762A-0AA2-494C-8C70-127E01817954}.Debug|iPhone.ActiveCfg = Debug|x86
		{8EFF762A-0AA2-494C-8C70-127E01817954}.Debug|iPhone.Build.0 = Debug|x86
		{8EFF762A-0AA2-494C-8C70-127E01817954}.Debug|iPhone.Deploy.0 = Debug|x86
		{8EFF762A-0AA2-494C-8C70-127E01817954}.Debug|iPhoneSimulator.ActiveCfg = Debug|x86
		{8EFF762A-0AA2-494C-8C70-127E01817954}.Debug|iPhoneSimulator.Build.0 = Debug|x86
		{8EFF762A-0AA2-494C-8C70-127E01817954}.Debug|iPhoneSimulator.Deploy.0 = Debug|x86
		{8EFF762A-0AA2-494C-8C70-127E01817954}.Debug|x64.ActiveCfg = Debug|x64
		{8EFF762A-0AA2-494C-8C70-127E01817954}.Debug|x64.Build.0 = Debug|x64
		{8EFF762A-0AA2-494C-8C70-127E01817954}.Debug|x64.Deploy.0 = Debug|x64
		{8EFF762A-0AA2-494C-8C70-127E01817954}.Debug|x86.ActiveCfg = Debug|x86
		{8EFF762A-0AA2-494C-8C70-127E01817954}.Debug|x86.Build.0 = Debug|x86
		{8EFF762A-0AA2-494C-8C70-127E01817954}.Debug|x86.Deploy.0 = Debug|x86
		{8EFF762A-0AA2-494C-8C70-127E01817954}.Release|Any CPU.ActiveCfg = Release|x86
		{8EFF762A-0AA2-494C-8C70-127E01817954}.Release|Any CPU.Build.0 = Release|x86
		{8EFF762A-0AA2-494C-8C70-127E01817954}.Release|Any CPU.Deploy.0 = Release|x86
		{8EFF762A-0AA2-494C-8C70-127E01817954}.Release|ARM.ActiveCfg = Release|ARM
		{8EFF762A-0AA2-494C-8C70-127E01817954}.Release|ARM.Build.0 = Release|ARM
		{8EFF762A-0AA2-494C-8C70-127E01817954}.Release|ARM.Deploy.0 = Release|ARM
		{8EFF762A-0AA2-494C-8C70-127E01817954}.Release|iPhone.ActiveCfg = Release|x86
		{8EFF762A-0AA2-494C-8C70-127E01817954}.Release|iPhone.Build.0 = Release|x86
		{8EFF762A-0AA2-494C-8C70-127E01817954}.Release|iPhone.Deploy.0 = Release|x86
		{8EFF762A-0AA2-494C-8C70-127E01817954}.Release|iPhoneSimulator.ActiveCfg = Release|x86
		{8EFF762A-0AA2-494C-8C70-127E01817954}.Release|iPhoneSimulator.Build.0 = Release|x86
		{8EFF762A-0AA2-494C-8C70-127E01817954}.Release|iPhoneSimulator.Deploy.0 = Release|x86
		{8EFF762A-0AA2-494C-8C70-127E01817954}.Release|x64.ActiveCfg = Release|x64
		{8EFF762A-0AA2-494C-8C70-127E01817954}.Release|x64.Build.0 = Release|x64
		{8EFF762A-0AA2-494C-8C70-127E01817954}.Release|x64.Deploy.0 = Release|x64
		{8EFF762A-0AA2-494C-8C70-127E01817954}.Release|x86.ActiveCfg = Release|x86
		{8EFF762A-0AA2-494C-8C70-127E01817954}.Release|x86.Build.0 = Release|x86
		{8EFF762A-0AA2-494C-8C70-127E01817954}.Release|x86.Deploy.0 = Release|x86
		{53C15F0F-CCD3-4C91-936B-2B05B340F217}.Ad-Hoc|Any CPU.ActiveCfg = Debug|Any CPU
		{53C15F0F-CCD3-4C91-936B-2B05B340F217}.Ad-Hoc|Any CPU.Build.0 = Debug|Any CPU
		{53C15F0F-CCD3-4C91-936B-2B05B340F217}.Ad-Hoc|Any CPU.Deploy.0 = Debug|Any CPU
		{53C15F0F-CCD3-4C91-936B-2B05B340F217}.Ad-Hoc|ARM.ActiveCfg = Debug|Any CPU
		{53C15F0F-CCD3-4C91-936B-2B05B340F217}.Ad-Hoc|ARM.Build.0 = Debug|Any CPU
		{53C15F0F-CCD3-4C91-936B-2B05B340F217}.Ad-Hoc|ARM.Deploy.0 = Debug|Any CPU
		{53C15F0F-CCD3-4C91-936B-2B05B340F217}.Ad-Hoc|iPhone.ActiveCfg = Debug|Any CPU
		{53C15F0F-CCD3-4C91-936B-2B05B340F217}.Ad-Hoc|iPhone.Build.0 = Debug|Any CPU
		{53C15F0F-CCD3-4C91-936B-2B05B340F217}.Ad-Hoc|iPhone.Deploy.0 = Debug|Any CPU
		{53C15F0F-CCD3-4C91-936B-2B05B340F217}.Ad-Hoc|iPhoneSimulator.ActiveCfg = Debug|Any CPU
		{53C15F0F-CCD3-4C91-936B-2B05B340F217}.Ad-Hoc|iPhoneSimulator.Build.0 = Debug|Any CPU
		{53C15F0F-CCD3-4C91-936B-2B05B340F217}.Ad-Hoc|iPhoneSimulator.Deploy.0 = Debug|Any CPU
		{53C15F0F-CCD3-4C91-936B-2B05B340F217}.Ad-Hoc|x64.ActiveCfg = Debug|Any CPU
		{53C15F0F-CCD3-4C91-936B-2B05B340F217}.Ad-Hoc|x64.Build.0 = Debug|Any CPU
		{53C15F0F-CCD3-4C91-936B-2B05B340F217}.Ad-Hoc|x64.Deploy.0 = Debug|Any CPU
		{53C15F0F-CCD3-4C91-936B-2B05B340F217}.Ad-Hoc|x86.ActiveCfg = Debug|Any CPU
		{53C15F0F-CCD3-4C91-936B-2B05B340F217}.Ad-Hoc|x86.Build.0 = Debug|Any CPU
		{53C15F0F-CCD3-4C91-936B-2B05B340F217}.Ad-Hoc|x86.Deploy.0 = Debug|Any CPU
		{53C15F0F-CCD3-4C91-936B-2B05B340F217}.AppStore|Any CPU.ActiveCfg = Debug|Any CPU
		{53C15F0F-CCD3-4C91-936B-2B05B340F217}.AppStore|Any CPU.Build.0 = Debug|Any CPU
		{53C15F0F-CCD3-4C91-936B-2B05B340F217}.AppStore|Any CPU.Deploy.0 = Debug|Any CPU
		{53C15F0F-CCD3-4C91-936B-2B05B340F217}.AppStore|ARM.ActiveCfg = Debug|Any CPU
		{53C15F0F-CCD3-4C91-936B-2B05B340F217}.AppStore|ARM.Build.0 = Debug|Any CPU
		{53C15F0F-CCD3-4C91-936B-2B05B340F217}.AppStore|ARM.Deploy.0 = Debug|Any CPU
		{53C15F0F-CCD3-4C91-936B-2B05B340F217}.AppStore|iPhone.ActiveCfg = Debug|Any CPU
		{53C15F0F-CCD3-4C91-936B-2B05B340F217}.AppStore|iPhone.Build.0 = Debug|Any CPU
		{53C15F0F-CCD3-4C91-936B-2B05B340F217}.AppStore|iPhone.Deploy.0 = Debug|Any CPU
		{53C15F0F-CCD3-4C91-936B-2B05B340F217}.AppStore|iPhoneSimulator.ActiveCfg = Debug|Any CPU
		{53C15F0F-CCD3-4C91-936B-2B05B340F217}.AppStore|iPhoneSimulator.Build.0 = Debug|Any CPU
		{53C15F0F-CCD3-4C91-936B-2B05B340F217}.AppStore|iPhoneSimulator.Deploy.0 = Debug|Any CPU
		{53C15F0F-CCD3-4C91-936B-2B05B340F217}.AppStore|x64.ActiveCfg = Debug|Any CPU
		{53C15F0F-CCD3-4C91-936B-2B05B340F217}.AppStore|x64.Build.0 = Debug|Any CPU
		{53C15F0F-CCD3-4C91-936B-2B05B340F217}.AppStore|x64.Deploy.0 = Debug|Any CPU
		{53C15F0F-CCD3-4C91-936B-2B05B340F217}.AppStore|x86.ActiveCfg = Debug|Any CPU
		{53C15F0F-CCD3-4C91-936B-2B05B340F217}.AppStore|x86.Build.0 = Debug|Any CPU
		{53C15F0F-CCD3-4C91-936B-2B05B340F217}.AppStore|x86.Deploy.0 = Debug|Any CPU
		{53C15F0F-CCD3-4C91-936B-2B05B340F217}.Debug|Any CPU.ActiveCfg = Debug|Any CPU
		{53C15F0F-CCD3-4C91-936B-2B05B340F217}.Debug|Any CPU.Build.0 = Debug|Any CPU
		{53C15F0F-CCD3-4C91-936B-2B05B340F217}.Debug|Any CPU.Deploy.0 = Debug|Any CPU
		{53C15F0F-CCD3-4C91-936B-2B05B340F217}.Debug|ARM.ActiveCfg = Debug|Any CPU
		{53C15F0F-CCD3-4C91-936B-2B05B340F217}.Debug|ARM.Build.0 = Debug|Any CPU
		{53C15F0F-CCD3-4C91-936B-2B05B340F217}.Debug|ARM.Deploy.0 = Debug|Any CPU
		{53C15F0F-CCD3-4C91-936B-2B05B340F217}.Debug|iPhone.ActiveCfg = Debug|Any CPU
		{53C15F0F-CCD3-4C91-936B-2B05B340F217}.Debug|iPhone.Build.0 = Debug|Any CPU
		{53C15F0F-CCD3-4C91-936B-2B05B340F217}.Debug|iPhone.Deploy.0 = Debug|Any CPU
		{53C15F0F-CCD3-4C91-936B-2B05B340F217}.Debug|iPhoneSimulator.ActiveCfg = Debug|Any CPU
		{53C15F0F-CCD3-4C91-936B-2B05B340F217}.Debug|iPhoneSimulator.Build.0 = Debug|Any CPU
		{53C15F0F-CCD3-4C91-936B-2B05B340F217}.Debug|iPhoneSimulator.Deploy.0 = Debug|Any CPU
		{53C15F0F-CCD3-4C91-936B-2B05B340F217}.Debug|x64.ActiveCfg = Debug|Any CPU
		{53C15F0F-CCD3-4C91-936B-2B05B340F217}.Debug|x64.Build.0 = Debug|Any CPU
		{53C15F0F-CCD3-4C91-936B-2B05B340F217}.Debug|x64.Deploy.0 = Debug|Any CPU
		{53C15F0F-CCD3-4C91-936B-2B05B340F217}.Debug|x86.ActiveCfg = Debug|Any CPU
		{53C15F0F-CCD3-4C91-936B-2B05B340F217}.Debug|x86.Build.0 = Debug|Any CPU
		{53C15F0F-CCD3-4C91-936B-2B05B340F217}.Debug|x86.Deploy.0 = Debug|Any CPU
		{53C15F0F-CCD3-4C91-936B-2B05B340F217}.Release|Any CPU.ActiveCfg = Release|Any CPU
		{53C15F0F-CCD3-4C91-936B-2B05B340F217}.Release|Any CPU.Build.0 = Release|Any CPU
		{53C15F0F-CCD3-4C91-936B-2B05B340F217}.Release|Any CPU.Deploy.0 = Release|Any CPU
		{53C15F0F-CCD3-4C91-936B-2B05B340F217}.Release|ARM.ActiveCfg = Release|Any CPU
		{53C15F0F-CCD3-4C91-936B-2B05B340F217}.Release|ARM.Build.0 = Release|Any CPU
		{53C15F0F-CCD3-4C91-936B-2B05B340F217}.Release|ARM.Deploy.0 = Release|Any CPU
		{53C15F0F-CCD3-4C91-936B-2B05B340F217}.Release|iPhone.ActiveCfg = Release|Any CPU
		{53C15F0F-CCD3-4C91-936B-2B05B340F217}.Release|iPhone.Build.0 = Release|Any CPU
		{53C15F0F-CCD3-4C91-936B-2B05B340F217}.Release|iPhone.Deploy.0 = Release|Any CPU
		{53C15F0F-CCD3-4C91-936B-2B05B340F217}.Release|iPhoneSimulator.ActiveCfg = Release|Any CPU
		{53C15F0F-CCD3-4C91-936B-2B05B340F217}.Release|iPhoneSimulator.Build.0 = Release|Any CPU
		{53C15F0F-CCD3-4C91-936B-2B05B340F217}.Release|iPhoneSimulator.Deploy.0 = Release|Any CPU
		{53C15F0F-CCD3-4C91-936B-2B05B340F217}.Release|x64.ActiveCfg = Release|Any CPU
		{53C15F0F-CCD3-4C91-936B-2B05B340F217}.Release|x64.Build.0 = Release|Any CPU
		{53C15F0F-CCD3-4C91-936B-2B05B340F217}.Release|x64.Deploy.0 = Release|Any CPU
		{53C15F0F-CCD3-4C91-936B-2B05B340F217}.Release|x86.ActiveCfg = Release|Any CPU
		{53C15F0F-CCD3-4C91-936B-2B05B340F217}.Release|x86.Build.0 = Release|Any CPU
		{53C15F0F-CCD3-4C91-936B-2B05B340F217}.Release|x86.Deploy.0 = Release|Any CPU
	EndGlobalSection
	GlobalSection(SolutionProperties) = preSolution
		HideSolutionNode = FALSE
	EndGlobalSection
	GlobalSection(ExtensibilityGlobals) = postSolution
		SolutionGuid = {5DF88AE0-289A-43ED-ABB6-54480C236DE9}
	EndGlobalSection
EndGlobal
